<?xml version="1.0" encoding="utf-8"?>
<Project ToolsVersion="4.0" xmlns="http://schemas.microsoft.com/developer/msbuild/2003">
  <ItemGroup>
    <Filter Include="Source Files">
      <UniqueIdentifier>{4FC737F1-C7A5-4376-A066-2A32D752A2FF}</UniqueIdentifier>
      <Extensions>cpp;c;cc;cxx;c++;cppm;ixx;def;odl;idl;hpj;bat;asm;asmx</Extensions>
    </Filter>
    <Filter Include="Header Files">
      <UniqueIdentifier>{93995380-89BD-4b04-88EB-625FBE52EBFB}</UniqueIdentifier>
      <Extensions>h;hh;hpp;hxx;h++;hm;inl;inc;ipp;xsd</Extensions>
    </Filter>
    <Filter Include="Resource Files">
      <UniqueIdentifier>{67DA6AB6-F800-4c08-8B7A-83BB121AAD01}</UniqueIdentifier>
      <Extensions>rc;ico;cur;bmp;dlg;rc2;rct;bin;rgs;gif;jpg;jpeg;jpe;resx;tiff;tif;png;wav;mfcribbon-ms</Extensions>
    </Filter>
  </ItemGroup>
  <ItemGroup>
    <ClCompile Include="main.cpp">
      <Filter>Source Files</Filter>
    </ClCompile>
    <ClCompile Include="debug.cpp">
      <Filter>Source Files</Filter>
    </ClCompile>
    <ClCompile Include="ui\HUB.cpp">
      <Filter>Source Files</Filter>
    </ClCompile>
    <ClCompile Include="ui\Intro.cpp">
      <Filter>Source Files</Filter>
    </ClCompile>
    <ClCompile Include="render\Sprite.cpp">
      <Filter>Source Files</Filter>
    </ClCompile>
    <ClCompile Include="render\Sprites.cpp">
      <Filter>Source Files</Filter>
    </ClCompile>
    <ClCompile Include="render\Textures.cpp">
      <Filter>Source Files</Filter>
    </ClCompile>
    <ClCompile Include="animation\Animation.cpp">
      <Filter>Source Files</Filter>
    </ClCompile>
    <ClCompile Include="animation\Animations.cpp">
      <Filter>Source Files</Filter>
    </ClCompile>
    <ClCompile Include="character\Mario.cpp">
      <Filter>Source Files</Filter>
    </ClCompile>
    <ClCompile Include="core\Game.cpp">
      <Filter>Source Files</Filter>
    </ClCompile>
    <ClCompile Include="gameplay\Brick.cpp">
      <Filter>Source Files</Filter>
    </ClCompile>
    <ClCompile Include="gameplay\GameObject.cpp">
      <Filter>Source Files</Filter>
    </ClCompile>
  </ItemGroup>
  <ItemGroup>
    <None Include="packages.config" />
    <None Include=".gitignore" />
    <None Include="ui\.gitkeep" />
    <None Include="render\.gitkeep" />
    <None Include="animation\.gitkeep" />
    <None Include="Mario\Debug\Mario.exe.recipe" />
    <None Include="packages\Microsoft.DXSDK.D3DX.9.29.952.8\.signature.p7s" />
    <None Include="packages\Microsoft.DXSDK.D3DX.9.29.952.8\Microsoft.DXSDK.D3DX.9.29.952.8.nupkg" />
    <None Include="packages\Microsoft.DXSDK.D3DX.9.29.952.8\NOTICE.md" />
    <None Include="packages\Microsoft.DXSDK.D3DX.9.29.952.8\README.md" />
  </ItemGroup>
  <ItemGroup>
    <ClInclude Include="debug.h">
      <Filter>Header Files</Filter>
    </ClInclude>
    <ClInclude Include="ui\HUB.h">
      <Filter>Header Files</Filter>
    </ClInclude>
    <ClInclude Include="ui\Intro.h">
      <Filter>Header Files</Filter>
    </ClInclude>
    <ClInclude Include="ui\Scene.h">
      <Filter>Header Files</Filter>
    </ClInclude>
    <ClInclude Include="render\Sprite.h">
      <Filter>Header Files</Filter>
    </ClInclude>
    <ClInclude Include="render\Sprites.h">
      <Filter>Header Files</Filter>
    </ClInclude>
    <ClInclude Include="render\Textures.h">
      <Filter>Header Files</Filter>
    </ClInclude>
    <ClInclude Include="animation\Animation.h">
      <Filter>Header Files</Filter>
    </ClInclude>
    <ClInclude Include="animation\Animations.h">
      <Filter>Header Files</Filter>
    </ClInclude>
    <ClInclude Include="character\Mario.h">
      <Filter>Header Files</Filter>
    </ClInclude>
    <ClInclude Include="core\Game.h">
      <Filter>Header Files</Filter>
    </ClInclude>
    <ClInclude Include="gameplay\Brick.h">
      <Filter>Header Files</Filter>
    </ClInclude>
    <ClInclude Include="gameplay\GameObject.h">
      <Filter>Header Files</Filter>
    </ClInclude>
    <ClInclude Include="input\KeyEventHandler.h">
      <Filter>Header Files</Filter>
    </ClInclude>
  </ItemGroup>
  <ItemGroup>
    <Image Include="assets\bbox.png">
      <Filter>Resource Files</Filter>
    </Image>
    <Image Include="assets\CommonObjects&amp;Pipes.png">
      <Filter>Resource Files</Filter>
    </Image>
    <Image Include="assets\font.png">
      <Filter>Resource Files</Filter>
    </Image>
    <Image Include="assets\intro_items.png">
      <Filter>Resource Files</Filter>
    </Image>
    <Image Include="assets\mario.png">
      <Filter>Resource Files</Filter>
    </Image>
  </ItemGroup>
  <ItemGroup>
    <Text Include="Mario\Debug\Mario.log" />
    <Text Include="packages\Microsoft.DXSDK.D3DX.9.29.952.8\LICENSE.txt" />
  </ItemGroup>
</Project>